PODS:
  - CalculateCalendarLogic (0.5.0)
  - Cosmos (23.0.0)
  - FSCalendar (2.8.2)
  - Kingfisher (6.3.0)
  - NCMB (3.1.0)
  - NYXImagesKit (2.3)
  - Realm (10.10.0):
    - Realm/Headers (= 10.10.0)
  - Realm/Headers (10.10.0)
  - RealmSwift (10.10.0):
    - Realm (= 10.10.0)

DEPENDENCIES:
  - CalculateCalendarLogic
  - Cosmos
  - FSCalendar
  - Kingfisher
  - NCMB (from `https://github.com/NIFTYCloud-mbaas/ncmb_ios.git`, branch `develop`)
  - NYXImagesKit
  - RealmSwift

SPEC REPOS:
  trunk:
    - CalculateCalendarLogic
    - Cosmos
    - FSCalendar
    - Kingfisher
    - NYXImagesKit
    - Realm
    - RealmSwift

EXTERNAL SOURCES:
  NCMB:
    :branch: develop
    :git: https://github.com/NIFTYCloud-mbaas/ncmb_ios.git

CHECKOUT OPTIONS:
  NCMB:
    :commit: 8abc6e8708f1ab306e1dcaf13da4019257e91fb1
    :git: https://github.com/NIFTYCloud-mbaas/ncmb_ios.git

SPEC CHECKSUMS:
  CalculateCalendarLogic: d14189787cd47766e64281b2686608afea07ae4d
  Cosmos: b5c6a9a637e28a061b54c8f8b1d8529d7d4db73f
  FSCalendar: e6a2eb9c571bf0719ed797ef807e08426753c241
  Kingfisher: 6c3df386db71d82c0817a429d2c9421a77396529
  NCMB: c308972109137bf523ec1830bac16de6a31c25f4
  NYXImagesKit: 8163e3335a40eaa173ca5bbbf81fafb57d3947eb
  Realm: f501df41a4222c67850c77cf135d472192ecf294
  RealmSwift: c69aadfc7db0d60075178d037c2f34ada73d5201

PODFILE CHECKSUM: d2f7d60b485b4e8d9bb78715232f5f263d65b1ca

COCOAPODS: 1.10.1
