// !$*UTF8*$!
{
	archiveVersion = 1;
	classes = {
	};
	objectVersion = 51;
	objects = {

/* Begin PBXBuildFile section */
		0424576F25DFE34F00F613FB /* Design.swift in Sources */ = {isa = PBXBuildFile; fileRef = 0424576E25DFE34F00F613FB /* Design.swift */; };
		0455EDBF25DA8ECD00013330 /* ReviewTableViewCell.xib in Resources */ = {isa = PBXBuildFile; fileRef = 0455EDB725DA8ECD00013330 /* ReviewTableViewCell.xib */; };
		0455EDC025DA8ECD00013330 /* TeacherInfoViewController.swift in Sources */ = {isa = PBXBuildFile; fileRef = 0455EDB825DA8ECD00013330 /* TeacherInfoViewController.swift */; };
		0455EDC125DA8ECE00013330 /* ReviewDetailViewController.swift in Sources */ = {isa = PBXBuildFile; fileRef = 0455EDB925DA8ECD00013330 /* ReviewDetailViewController.swift */; };
		0455EDC225DA8ECE00013330 /* TeacherInfoTableViewCell.swift in Sources */ = {isa = PBXBuildFile; fileRef = 0455EDBA25DA8ECD00013330 /* TeacherInfoTableViewCell.swift */; };
		0455EDC325DA8ECE00013330 /* ReviewTableViewCell.swift in Sources */ = {isa = PBXBuildFile; fileRef = 0455EDBB25DA8ECD00013330 /* ReviewTableViewCell.swift */; };
		0455EDC425DA8ECE00013330 /* ReviewTeacher.swift in Sources */ = {isa = PBXBuildFile; fileRef = 0455EDBC25DA8ECD00013330 /* ReviewTeacher.swift */; };
		0455EDC525DA8ECE00013330 /* Teacher.storyboard in Resources */ = {isa = PBXBuildFile; fileRef = 0455EDBD25DA8ECD00013330 /* Teacher.storyboard */; };
		0455EDC625DA8ECE00013330 /* TeacherInfoTableViewCell.xib in Resources */ = {isa = PBXBuildFile; fileRef = 0455EDBE25DA8ECD00013330 /* TeacherInfoTableViewCell.xib */; };
		0459388225D1497300A0E3C8 /* creating.png in Resources */ = {isa = PBXBuildFile; fileRef = 0459388125D1495E00A0E3C8 /* creating.png */; };
		0459388425D1497600A0E3C8 /* teacherNoImage.png in Resources */ = {isa = PBXBuildFile; fileRef = 0459387F25D1495E00A0E3C8 /* teacherNoImage.png */; };
		0459388625D1497900A0E3C8 /* studentNoImage.png in Resources */ = {isa = PBXBuildFile; fileRef = 0459388025D1495E00A0E3C8 /* studentNoImage.png */; };
		0460978425E8291200AC91BE /* ChatViewController.swift in Sources */ = {isa = PBXBuildFile; fileRef = 0460976F25E8291200AC91BE /* ChatViewController.swift */; };
		0460978525E8291200AC91BE /* MyChatViewCell.swift in Sources */ = {isa = PBXBuildFile; fileRef = 0460977225E8291200AC91BE /* MyChatViewCell.swift */; };
		0460978625E8291200AC91BE /* YourChatViewCell.xib in Resources */ = {isa = PBXBuildFile; fileRef = 0460977325E8291200AC91BE /* YourChatViewCell.xib */; };
		0460978725E8291200AC91BE /* YourChatViewCell.swift in Sources */ = {isa = PBXBuildFile; fileRef = 0460977425E8291200AC91BE /* YourChatViewCell.swift */; };
		0460978825E8291200AC91BE /* YourGroupChatViewCell.xib in Resources */ = {isa = PBXBuildFile; fileRef = 0460977525E8291200AC91BE /* YourGroupChatViewCell.xib */; };
		0460978925E8291200AC91BE /* MyChatViewCell.xib in Resources */ = {isa = PBXBuildFile; fileRef = 0460977625E8291200AC91BE /* MyChatViewCell.xib */; };
		0460978A25E8291200AC91BE /* YourGroupChatViewCell.swift in Sources */ = {isa = PBXBuildFile; fileRef = 0460977725E8291200AC91BE /* YourGroupChatViewCell.swift */; };
		0460978B25E8291200AC91BE /* ChatRoomInputView.swift in Sources */ = {isa = PBXBuildFile; fileRef = 0460977925E8291200AC91BE /* ChatRoomInputView.swift */; };
		0460978C25E8291200AC91BE /* MyBalloonView.swift in Sources */ = {isa = PBXBuildFile; fileRef = 0460977A25E8291200AC91BE /* MyBalloonView.swift */; };
		0460978D25E8291200AC91BE /* ChatRoomInputView.xib in Resources */ = {isa = PBXBuildFile; fileRef = 0460977B25E8291200AC91BE /* ChatRoomInputView.xib */; };
		0460978E25E8291200AC91BE /* YourBalloonView.swift in Sources */ = {isa = PBXBuildFile; fileRef = 0460977C25E8291200AC91BE /* YourBalloonView.swift */; };
		0460978F25E8291200AC91BE /* Memo.strings in Resources */ = {isa = PBXBuildFile; fileRef = 0460977D25E8291200AC91BE /* Memo.strings */; };
		0460979025E8291200AC91BE /* Chat.swift in Sources */ = {isa = PBXBuildFile; fileRef = 0460977E25E8291200AC91BE /* Chat.swift */; };
		0460979125E8291200AC91BE /* ChatTableViewController.swift in Sources */ = {isa = PBXBuildFile; fileRef = 0460977F25E8291200AC91BE /* ChatTableViewController.swift */; };
		0460979225E8291200AC91BE /* Chat.storyboard in Resources */ = {isa = PBXBuildFile; fileRef = 0460978025E8291200AC91BE /* Chat.storyboard */; };
		0460979325E8291200AC91BE /* CreateGroupViewController.swift in Sources */ = {isa = PBXBuildFile; fileRef = 0460978125E8291200AC91BE /* CreateGroupViewController.swift */; };
		0460979425E8291200AC91BE /* SearchUserForCreateGroupViewController.swift in Sources */ = {isa = PBXBuildFile; fileRef = 0460978225E8291200AC91BE /* SearchUserForCreateGroupViewController.swift */; };
		0460979525E8291200AC91BE /* GoToChatExtension.swift in Sources */ = {isa = PBXBuildFile; fileRef = 0460978325E8291200AC91BE /* GoToChatExtension.swift */; };
		046872CD25DE0CB800A6ABBF /* GlobalParameters.swift in Sources */ = {isa = PBXBuildFile; fileRef = 046872CC25DE0CB800A6ABBF /* GlobalParameters.swift */; };
		046872D125DE0E1C00A6ABBF /* CheckBox.swift in Sources */ = {isa = PBXBuildFile; fileRef = 046872D025DE0E1C00A6ABBF /* CheckBox.swift */; };
		0473BF5625D2EA0900550EFB /* Questionnaire.swift in Sources */ = {isa = PBXBuildFile; fileRef = 0473BF5525D2EA0900550EFB /* Questionnaire.swift */; };
		049C83E425C6921000D4D380 /* AppDelegate.swift in Sources */ = {isa = PBXBuildFile; fileRef = 049C83E325C6921000D4D380 /* AppDelegate.swift */; };
		04A7E99425AF309900C0F43C /* SceneDelegate.swift in Sources */ = {isa = PBXBuildFile; fileRef = 04A7E99325AF309900C0F43C /* SceneDelegate.swift */; };
		04A7E99625AF309900C0F43C /* ViewController.swift in Sources */ = {isa = PBXBuildFile; fileRef = 04A7E99525AF309900C0F43C /* ViewController.swift */; };
		04A7E99925AF309900C0F43C /* Main.storyboard in Resources */ = {isa = PBXBuildFile; fileRef = 04A7E99725AF309900C0F43C /* Main.storyboard */; };
		04A7E99B25AF309900C0F43C /* Assets.xcassets in Resources */ = {isa = PBXBuildFile; fileRef = 04A7E99A25AF309900C0F43C /* Assets.xcassets */; };
		04A7E99E25AF309900C0F43C /* LaunchScreen.storyboard in Resources */ = {isa = PBXBuildFile; fileRef = 04A7E99C25AF309900C0F43C /* LaunchScreen.storyboard */; };
		04A7E9A625AF327B00C0F43C /* Extensions.swift in Sources */ = {isa = PBXBuildFile; fileRef = 04A7E9A525AF327B00C0F43C /* Extensions.swift */; };
		04A841EC25C57B1E00469B5E /* SignIn.storyboard in Resources */ = {isa = PBXBuildFile; fileRef = 04A841EB25C57B1E00469B5E /* SignIn.storyboard */; };
		04AF5D4A25E5415B00E2B385 /* SearchTeacherViewController.swift in Sources */ = {isa = PBXBuildFile; fileRef = 04AF5D4925E5415B00E2B385 /* SearchTeacherViewController.swift */; };
		04AF5D4D25E5428100E2B385 /* Teachers.swift in Sources */ = {isa = PBXBuildFile; fileRef = 04AF5D4C25E5428100E2B385 /* Teachers.swift */; };
		04C7A05A25CD7F0F0031281B /* Opening.storyboard in Resources */ = {isa = PBXBuildFile; fileRef = 04C7A05825CD7EC10031281B /* Opening.storyboard */; };
		04C7A05C25CD7F6F0031281B /* ScreenSize.swift in Sources */ = {isa = PBXBuildFile; fileRef = 049C83FA25C695A200D4D380 /* ScreenSize.swift */; };
		04C7A05E25CD7F720031281B /* Opening1ViewController.swift in Sources */ = {isa = PBXBuildFile; fileRef = 049C83FB25C695A200D4D380 /* Opening1ViewController.swift */; };
		04C7A06025CD7F750031281B /* Opening2ViewController.swift in Sources */ = {isa = PBXBuildFile; fileRef = 049C83FC25C695A200D4D380 /* Opening2ViewController.swift */; };
		04EA679125BC8A9C005F0D06 /* User.swift in Sources */ = {isa = PBXBuildFile; fileRef = 04EA679025BC8A9C005F0D06 /* User.swift */; };
		1B0AD3AF25E401AD0061976F /* CalendarViewController.swift in Sources */ = {isa = PBXBuildFile; fileRef = 1B0AD3AC25E401A60061976F /* CalendarViewController.swift */; };
		1B0AD3B025E401AD0061976F /* EventViewController.swift in Sources */ = {isa = PBXBuildFile; fileRef = 1B0AD3AD25E401A90061976F /* EventViewController.swift */; };
		1B0AD3B125E401AD0061976F /* Event.swift in Sources */ = {isa = PBXBuildFile; fileRef = 1B0AD3AE25E401AD0061976F /* Event.swift */; };
		1BA0D03F25E7DF160008FF43 /* iTunesArtwork@1x.png in Resources */ = {isa = PBXBuildFile; fileRef = 1BA0D02A25E7DF160008FF43 /* iTunesArtwork@1x.png */; };
		1BA0D04025E7DF160008FF43 /* Icon-App-76x76@2x.png in Resources */ = {isa = PBXBuildFile; fileRef = 1BA0D02C25E7DF160008FF43 /* Icon-App-76x76@2x.png */; };
		1BA0D04125E7DF160008FF43 /* Icon-App-29x29@1x.png in Resources */ = {isa = PBXBuildFile; fileRef = 1BA0D02D25E7DF160008FF43 /* Icon-App-29x29@1x.png */; };
		1BA0D04225E7DF160008FF43 /* Icon-App-40x40@1x.png in Resources */ = {isa = PBXBuildFile; fileRef = 1BA0D02E25E7DF160008FF43 /* Icon-App-40x40@1x.png */; };
		1BA0D04325E7DF160008FF43 /* Icon-App-20x20@1x.png in Resources */ = {isa = PBXBuildFile; fileRef = 1BA0D02F25E7DF160008FF43 /* Icon-App-20x20@1x.png */; };
		1BA0D04425E7DF160008FF43 /* Icon-App-83.5x83.5@2x.png in Resources */ = {isa = PBXBuildFile; fileRef = 1BA0D03025E7DF160008FF43 /* Icon-App-83.5x83.5@2x.png */; };
		1BA0D04525E7DF160008FF43 /* Icon-App-20x20@3x.png in Resources */ = {isa = PBXBuildFile; fileRef = 1BA0D03125E7DF160008FF43 /* Icon-App-20x20@3x.png */; };
		1BA0D04625E7DF160008FF43 /* ItunesArtwork@2x.png in Resources */ = {isa = PBXBuildFile; fileRef = 1BA0D03225E7DF160008FF43 /* ItunesArtwork@2x.png */; };
		1BA0D04725E7DF160008FF43 /* Contents.json in Resources */ = {isa = PBXBuildFile; fileRef = 1BA0D03325E7DF160008FF43 /* Contents.json */; };
		1BA0D04825E7DF160008FF43 /* Icon-App-20x20@2x.png in Resources */ = {isa = PBXBuildFile; fileRef = 1BA0D03425E7DF160008FF43 /* Icon-App-20x20@2x.png */; };
		1BA0D04925E7DF160008FF43 /* Icon-App-29x29@3x.png in Resources */ = {isa = PBXBuildFile; fileRef = 1BA0D03525E7DF160008FF43 /* Icon-App-29x29@3x.png */; };
		1BA0D04A25E7DF160008FF43 /* Icon-App-40x40@2x.png in Resources */ = {isa = PBXBuildFile; fileRef = 1BA0D03625E7DF160008FF43 /* Icon-App-40x40@2x.png */; };
		1BA0D04B25E7DF160008FF43 /* Icon-App-60x60@3x.png in Resources */ = {isa = PBXBuildFile; fileRef = 1BA0D03725E7DF160008FF43 /* Icon-App-60x60@3x.png */; };
		1BA0D04C25E7DF160008FF43 /* Icon-App-60x60@2x.png in Resources */ = {isa = PBXBuildFile; fileRef = 1BA0D03825E7DF160008FF43 /* Icon-App-60x60@2x.png */; };
		1BA0D04D25E7DF160008FF43 /* Icon-App-76x76@1x.png in Resources */ = {isa = PBXBuildFile; fileRef = 1BA0D03925E7DF160008FF43 /* Icon-App-76x76@1x.png */; };
		1BA0D04E25E7DF160008FF43 /* Icon-App-40x40@3x.png in Resources */ = {isa = PBXBuildFile; fileRef = 1BA0D03A25E7DF160008FF43 /* Icon-App-40x40@3x.png */; };
		1BA0D04F25E7DF160008FF43 /* Icon-App-29x29@2x.png in Resources */ = {isa = PBXBuildFile; fileRef = 1BA0D03B25E7DF160008FF43 /* Icon-App-29x29@2x.png */; };
		1BA0D05125E7DF160008FF43 /* iTunesArtwork@2x.png in Resources */ = {isa = PBXBuildFile; fileRef = 1BA0D03D25E7DF160008FF43 /* iTunesArtwork@2x.png */; };
		1BA0D05225E7DF160008FF43 /* iTunesArtwork@3x.png in Resources */ = {isa = PBXBuildFile; fileRef = 1BA0D03E25E7DF160008FF43 /* iTunesArtwork@3x.png */; };
		1F0D91EA25E1380800503048 /* SignUpViewController.swift in Sources */ = {isa = PBXBuildFile; fileRef = 1F0D91E925E1380800503048 /* SignUpViewController.swift */; };
		1F3343F125D1500A00A090DA /* Questionnaire.storyboard in Resources */ = {isa = PBXBuildFile; fileRef = 1F3343F025D1500A00A090DA /* Questionnaire.storyboard */; };
		1F3343F525D151C400A090DA /* Questionnaire_subViewController.swift in Sources */ = {isa = PBXBuildFile; fileRef = 1F3343F425D151C400A090DA /* Questionnaire_subViewController.swift */; };
		1F761FEA25D419C600FFB590 /* UserPageViewController.swift in Sources */ = {isa = PBXBuildFile; fileRef = 1F761FE925D419C600FFB590 /* UserPageViewController.swift */; };
		1F806AC925D81336001BF41B /* EditUserPageViewController.swift in Sources */ = {isa = PBXBuildFile; fileRef = 1F806AC825D81336001BF41B /* EditUserPageViewController.swift */; };
		1FA191B625CACE3F007B935B /* SignInViewController.swift in Sources */ = {isa = PBXBuildFile; fileRef = 1FA191B525CACE3F007B935B /* SignInViewController.swift */; };
		1FA191B925CC1F56007B935B /* SignUp2ViewController.swift in Sources */ = {isa = PBXBuildFile; fileRef = 1FA191B825CC1F56007B935B /* SignUp2ViewController.swift */; };
		1FB58C2E25E3ED29009CFCD0 /* ForgetPasswordViewController.swift in Sources */ = {isa = PBXBuildFile; fileRef = 1FB58C2D25E3ED29009CFCD0 /* ForgetPasswordViewController.swift */; };
		340713FEDEBF163EE86F1551 /* Pods_iProjectStudent.framework in Frameworks */ = {isa = PBXBuildFile; fileRef = 6DE0601A6454D98F09896370 /* Pods_iProjectStudent.framework */; };
/* End PBXBuildFile section */

/* Begin PBXFileReference section */
		0424576E25DFE34F00F613FB /* Design.swift */ = {isa = PBXFileReference; lastKnownFileType = sourcecode.swift; path = Design.swift; sourceTree = "<group>"; };
		0455EDB725DA8ECD00013330 /* ReviewTableViewCell.xib */ = {isa = PBXFileReference; fileEncoding = 4; lastKnownFileType = file.xib; path = ReviewTableViewCell.xib; sourceTree = "<group>"; };
		0455EDB825DA8ECD00013330 /* TeacherInfoViewController.swift */ = {isa = PBXFileReference; fileEncoding = 4; lastKnownFileType = sourcecode.swift; path = TeacherInfoViewController.swift; sourceTree = "<group>"; };
		0455EDB925DA8ECD00013330 /* ReviewDetailViewController.swift */ = {isa = PBXFileReference; fileEncoding = 4; lastKnownFileType = sourcecode.swift; path = ReviewDetailViewController.swift; sourceTree = "<group>"; };
		0455EDBA25DA8ECD00013330 /* TeacherInfoTableViewCell.swift */ = {isa = PBXFileReference; fileEncoding = 4; lastKnownFileType = sourcecode.swift; path = TeacherInfoTableViewCell.swift; sourceTree = "<group>"; };
		0455EDBB25DA8ECD00013330 /* ReviewTableViewCell.swift */ = {isa = PBXFileReference; fileEncoding = 4; lastKnownFileType = sourcecode.swift; path = ReviewTableViewCell.swift; sourceTree = "<group>"; };
		0455EDBC25DA8ECD00013330 /* ReviewTeacher.swift */ = {isa = PBXFileReference; fileEncoding = 4; lastKnownFileType = sourcecode.swift; path = ReviewTeacher.swift; sourceTree = "<group>"; };
		0455EDBD25DA8ECD00013330 /* Teacher.storyboard */ = {isa = PBXFileReference; fileEncoding = 4; lastKnownFileType = file.storyboard; path = Teacher.storyboard; sourceTree = "<group>"; };
		0455EDBE25DA8ECD00013330 /* TeacherInfoTableViewCell.xib */ = {isa = PBXFileReference; fileEncoding = 4; lastKnownFileType = file.xib; path = TeacherInfoTableViewCell.xib; sourceTree = "<group>"; };
		0459387F25D1495E00A0E3C8 /* teacherNoImage.png */ = {isa = PBXFileReference; lastKnownFileType = image.png; path = teacherNoImage.png; sourceTree = "<group>"; };
		0459388025D1495E00A0E3C8 /* studentNoImage.png */ = {isa = PBXFileReference; lastKnownFileType = image.png; path = studentNoImage.png; sourceTree = "<group>"; };
		0459388125D1495E00A0E3C8 /* creating.png */ = {isa = PBXFileReference; lastKnownFileType = image.png; path = creating.png; sourceTree = "<group>"; };
		0460976F25E8291200AC91BE /* ChatViewController.swift */ = {isa = PBXFileReference; fileEncoding = 4; lastKnownFileType = sourcecode.swift; path = ChatViewController.swift; sourceTree = "<group>"; };
		0460977225E8291200AC91BE /* MyChatViewCell.swift */ = {isa = PBXFileReference; fileEncoding = 4; lastKnownFileType = sourcecode.swift; path = MyChatViewCell.swift; sourceTree = "<group>"; };
		0460977325E8291200AC91BE /* YourChatViewCell.xib */ = {isa = PBXFileReference; fileEncoding = 4; lastKnownFileType = file.xib; path = YourChatViewCell.xib; sourceTree = "<group>"; };
		0460977425E8291200AC91BE /* YourChatViewCell.swift */ = {isa = PBXFileReference; fileEncoding = 4; lastKnownFileType = sourcecode.swift; path = YourChatViewCell.swift; sourceTree = "<group>"; };
		0460977525E8291200AC91BE /* YourGroupChatViewCell.xib */ = {isa = PBXFileReference; fileEncoding = 4; lastKnownFileType = file.xib; path = YourGroupChatViewCell.xib; sourceTree = "<group>"; };
		0460977625E8291200AC91BE /* MyChatViewCell.xib */ = {isa = PBXFileReference; fileEncoding = 4; lastKnownFileType = file.xib; path = MyChatViewCell.xib; sourceTree = "<group>"; };
		0460977725E8291200AC91BE /* YourGroupChatViewCell.swift */ = {isa = PBXFileReference; fileEncoding = 4; lastKnownFileType = sourcecode.swift; path = YourGroupChatViewCell.swift; sourceTree = "<group>"; };
		0460977925E8291200AC91BE /* ChatRoomInputView.swift */ = {isa = PBXFileReference; fileEncoding = 4; lastKnownFileType = sourcecode.swift; path = ChatRoomInputView.swift; sourceTree = "<group>"; };
		0460977A25E8291200AC91BE /* MyBalloonView.swift */ = {isa = PBXFileReference; fileEncoding = 4; lastKnownFileType = sourcecode.swift; path = MyBalloonView.swift; sourceTree = "<group>"; };
		0460977B25E8291200AC91BE /* ChatRoomInputView.xib */ = {isa = PBXFileReference; fileEncoding = 4; lastKnownFileType = file.xib; path = ChatRoomInputView.xib; sourceTree = "<group>"; };
		0460977C25E8291200AC91BE /* YourBalloonView.swift */ = {isa = PBXFileReference; fileEncoding = 4; lastKnownFileType = sourcecode.swift; path = YourBalloonView.swift; sourceTree = "<group>"; };
		0460977D25E8291200AC91BE /* Memo.strings */ = {isa = PBXFileReference; fileEncoding = 4; lastKnownFileType = text.plist.strings; path = Memo.strings; sourceTree = "<group>"; };
		0460977E25E8291200AC91BE /* Chat.swift */ = {isa = PBXFileReference; fileEncoding = 4; lastKnownFileType = sourcecode.swift; path = Chat.swift; sourceTree = "<group>"; };
		0460977F25E8291200AC91BE /* ChatTableViewController.swift */ = {isa = PBXFileReference; fileEncoding = 4; lastKnownFileType = sourcecode.swift; path = ChatTableViewController.swift; sourceTree = "<group>"; };
		0460978025E8291200AC91BE /* Chat.storyboard */ = {isa = PBXFileReference; fileEncoding = 4; lastKnownFileType = file.storyboard; path = Chat.storyboard; sourceTree = "<group>"; };
		0460978125E8291200AC91BE /* CreateGroupViewController.swift */ = {isa = PBXFileReference; fileEncoding = 4; lastKnownFileType = sourcecode.swift; path = CreateGroupViewController.swift; sourceTree = "<group>"; };
		0460978225E8291200AC91BE /* SearchUserForCreateGroupViewController.swift */ = {isa = PBXFileReference; fileEncoding = 4; lastKnownFileType = sourcecode.swift; path = SearchUserForCreateGroupViewController.swift; sourceTree = "<group>"; };
		0460978325E8291200AC91BE /* GoToChatExtension.swift */ = {isa = PBXFileReference; fileEncoding = 4; lastKnownFileType = sourcecode.swift; path = GoToChatExtension.swift; sourceTree = "<group>"; };
		046872CC25DE0CB800A6ABBF /* GlobalParameters.swift */ = {isa = PBXFileReference; lastKnownFileType = sourcecode.swift; path = GlobalParameters.swift; sourceTree = "<group>"; };
		046872D025DE0E1C00A6ABBF /* CheckBox.swift */ = {isa = PBXFileReference; lastKnownFileType = sourcecode.swift; path = CheckBox.swift; sourceTree = "<group>"; };
		0473BF5525D2EA0900550EFB /* Questionnaire.swift */ = {isa = PBXFileReference; lastKnownFileType = sourcecode.swift; path = Questionnaire.swift; sourceTree = "<group>"; };
		049C83E325C6921000D4D380 /* AppDelegate.swift */ = {isa = PBXFileReference; fileEncoding = 4; lastKnownFileType = sourcecode.swift; path = AppDelegate.swift; sourceTree = "<group>"; };
		049C83FA25C695A200D4D380 /* ScreenSize.swift */ = {isa = PBXFileReference; lastKnownFileType = sourcecode.swift; path = ScreenSize.swift; sourceTree = "<group>"; };
		049C83FB25C695A200D4D380 /* Opening1ViewController.swift */ = {isa = PBXFileReference; lastKnownFileType = sourcecode.swift; path = Opening1ViewController.swift; sourceTree = "<group>"; };
		049C83FC25C695A200D4D380 /* Opening2ViewController.swift */ = {isa = PBXFileReference; lastKnownFileType = sourcecode.swift; path = Opening2ViewController.swift; sourceTree = "<group>"; };
		04A7E98E25AF309900C0F43C /* iProjectStudent.app */ = {isa = PBXFileReference; explicitFileType = wrapper.application; includeInIndex = 0; path = iProjectStudent.app; sourceTree = BUILT_PRODUCTS_DIR; };
		04A7E99325AF309900C0F43C /* SceneDelegate.swift */ = {isa = PBXFileReference; lastKnownFileType = sourcecode.swift; path = SceneDelegate.swift; sourceTree = "<group>"; };
		04A7E99525AF309900C0F43C /* ViewController.swift */ = {isa = PBXFileReference; lastKnownFileType = sourcecode.swift; path = ViewController.swift; sourceTree = "<group>"; };
		04A7E99825AF309900C0F43C /* Base */ = {isa = PBXFileReference; lastKnownFileType = file.storyboard; name = Base; path = Base.lproj/Main.storyboard; sourceTree = "<group>"; };
		04A7E99A25AF309900C0F43C /* Assets.xcassets */ = {isa = PBXFileReference; lastKnownFileType = folder.assetcatalog; path = Assets.xcassets; sourceTree = "<group>"; };
		04A7E99D25AF309900C0F43C /* Base */ = {isa = PBXFileReference; lastKnownFileType = file.storyboard; name = Base; path = Base.lproj/LaunchScreen.storyboard; sourceTree = "<group>"; };
		04A7E99F25AF309900C0F43C /* Info.plist */ = {isa = PBXFileReference; lastKnownFileType = text.plist.xml; path = Info.plist; sourceTree = "<group>"; };
		04A7E9A525AF327B00C0F43C /* Extensions.swift */ = {isa = PBXFileReference; fileEncoding = 4; lastKnownFileType = sourcecode.swift; path = Extensions.swift; sourceTree = "<group>"; };
		04A841EB25C57B1E00469B5E /* SignIn.storyboard */ = {isa = PBXFileReference; lastKnownFileType = file.storyboard; path = SignIn.storyboard; sourceTree = "<group>"; };
		04AF5D4925E5415B00E2B385 /* SearchTeacherViewController.swift */ = {isa = PBXFileReference; lastKnownFileType = sourcecode.swift; path = SearchTeacherViewController.swift; sourceTree = "<group>"; };
		04AF5D4C25E5428100E2B385 /* Teachers.swift */ = {isa = PBXFileReference; lastKnownFileType = sourcecode.swift; path = Teachers.swift; sourceTree = "<group>"; };
		04C7A05825CD7EC10031281B /* Opening.storyboard */ = {isa = PBXFileReference; lastKnownFileType = file.storyboard; path = Opening.storyboard; sourceTree = "<group>"; };
		04EA679025BC8A9C005F0D06 /* User.swift */ = {isa = PBXFileReference; fileEncoding = 4; lastKnownFileType = sourcecode.swift; path = User.swift; sourceTree = "<group>"; };
		1B0AD3AC25E401A60061976F /* CalendarViewController.swift */ = {isa = PBXFileReference; fileEncoding = 4; lastKnownFileType = sourcecode.swift; path = CalendarViewController.swift; sourceTree = "<group>"; };
		1B0AD3AD25E401A90061976F /* EventViewController.swift */ = {isa = PBXFileReference; fileEncoding = 4; lastKnownFileType = sourcecode.swift; path = EventViewController.swift; sourceTree = "<group>"; };
		1B0AD3AE25E401AD0061976F /* Event.swift */ = {isa = PBXFileReference; fileEncoding = 4; lastKnownFileType = sourcecode.swift; path = Event.swift; sourceTree = "<group>"; };
		1BA0D02A25E7DF160008FF43 /* iTunesArtwork@1x.png */ = {isa = PBXFileReference; lastKnownFileType = image.png; path = "iTunesArtwork@1x.png"; sourceTree = "<group>"; };
		1BA0D02C25E7DF160008FF43 /* Icon-App-76x76@2x.png */ = {isa = PBXFileReference; lastKnownFileType = image.png; path = "Icon-App-76x76@2x.png"; sourceTree = "<group>"; };
		1BA0D02D25E7DF160008FF43 /* Icon-App-29x29@1x.png */ = {isa = PBXFileReference; lastKnownFileType = image.png; path = "Icon-App-29x29@1x.png"; sourceTree = "<group>"; };
		1BA0D02E25E7DF160008FF43 /* Icon-App-40x40@1x.png */ = {isa = PBXFileReference; lastKnownFileType = image.png; path = "Icon-App-40x40@1x.png"; sourceTree = "<group>"; };
		1BA0D02F25E7DF160008FF43 /* Icon-App-20x20@1x.png */ = {isa = PBXFileReference; lastKnownFileType = image.png; path = "Icon-App-20x20@1x.png"; sourceTree = "<group>"; };
		1BA0D03025E7DF160008FF43 /* Icon-App-83.5x83.5@2x.png */ = {isa = PBXFileReference; lastKnownFileType = image.png; path = "Icon-App-83.5x83.5@2x.png"; sourceTree = "<group>"; };
		1BA0D03125E7DF160008FF43 /* Icon-App-20x20@3x.png */ = {isa = PBXFileReference; lastKnownFileType = image.png; path = "Icon-App-20x20@3x.png"; sourceTree = "<group>"; };
		1BA0D03225E7DF160008FF43 /* ItunesArtwork@2x.png */ = {isa = PBXFileReference; lastKnownFileType = image.png; path = "ItunesArtwork@2x.png"; sourceTree = "<group>"; };
		1BA0D03325E7DF160008FF43 /* Contents.json */ = {isa = PBXFileReference; fileEncoding = 4; lastKnownFileType = text.json; path = Contents.json; sourceTree = "<group>"; };
		1BA0D03425E7DF160008FF43 /* Icon-App-20x20@2x.png */ = {isa = PBXFileReference; lastKnownFileType = image.png; path = "Icon-App-20x20@2x.png"; sourceTree = "<group>"; };
		1BA0D03525E7DF160008FF43 /* Icon-App-29x29@3x.png */ = {isa = PBXFileReference; lastKnownFileType = image.png; path = "Icon-App-29x29@3x.png"; sourceTree = "<group>"; };
		1BA0D03625E7DF160008FF43 /* Icon-App-40x40@2x.png */ = {isa = PBXFileReference; lastKnownFileType = image.png; path = "Icon-App-40x40@2x.png"; sourceTree = "<group>"; };
		1BA0D03725E7DF160008FF43 /* Icon-App-60x60@3x.png */ = {isa = PBXFileReference; lastKnownFileType = image.png; path = "Icon-App-60x60@3x.png"; sourceTree = "<group>"; };
		1BA0D03825E7DF160008FF43 /* Icon-App-60x60@2x.png */ = {isa = PBXFileReference; lastKnownFileType = image.png; path = "Icon-App-60x60@2x.png"; sourceTree = "<group>"; };
		1BA0D03925E7DF160008FF43 /* Icon-App-76x76@1x.png */ = {isa = PBXFileReference; lastKnownFileType = image.png; path = "Icon-App-76x76@1x.png"; sourceTree = "<group>"; };
		1BA0D03A25E7DF160008FF43 /* Icon-App-40x40@3x.png */ = {isa = PBXFileReference; lastKnownFileType = image.png; path = "Icon-App-40x40@3x.png"; sourceTree = "<group>"; };
		1BA0D03B25E7DF160008FF43 /* Icon-App-29x29@2x.png */ = {isa = PBXFileReference; lastKnownFileType = image.png; path = "Icon-App-29x29@2x.png"; sourceTree = "<group>"; };
		1BA0D03D25E7DF160008FF43 /* iTunesArtwork@2x.png */ = {isa = PBXFileReference; lastKnownFileType = image.png; path = "iTunesArtwork@2x.png"; sourceTree = "<group>"; };
		1BA0D03E25E7DF160008FF43 /* iTunesArtwork@3x.png */ = {isa = PBXFileReference; lastKnownFileType = image.png; path = "iTunesArtwork@3x.png"; sourceTree = "<group>"; };
		1E933D9E06614E36D1EB6CA6 /* Pods-iProjectStudent.debug.xcconfig */ = {isa = PBXFileReference; includeInIndex = 1; lastKnownFileType = text.xcconfig; name = "Pods-iProjectStudent.debug.xcconfig"; path = "Target Support Files/Pods-iProjectStudent/Pods-iProjectStudent.debug.xcconfig"; sourceTree = "<group>"; };
		1F0D91E925E1380800503048 /* SignUpViewController.swift */ = {isa = PBXFileReference; lastKnownFileType = sourcecode.swift; path = SignUpViewController.swift; sourceTree = "<group>"; };
		1F3343F025D1500A00A090DA /* Questionnaire.storyboard */ = {isa = PBXFileReference; lastKnownFileType = file.storyboard; path = Questionnaire.storyboard; sourceTree = "<group>"; };
		1F3343F425D151C400A090DA /* Questionnaire_subViewController.swift */ = {isa = PBXFileReference; lastKnownFileType = sourcecode.swift; path = Questionnaire_subViewController.swift; sourceTree = "<group>"; };
		1F761FE925D419C600FFB590 /* UserPageViewController.swift */ = {isa = PBXFileReference; lastKnownFileType = sourcecode.swift; path = UserPageViewController.swift; sourceTree = "<group>"; };
		1F806AC825D81336001BF41B /* EditUserPageViewController.swift */ = {isa = PBXFileReference; lastKnownFileType = sourcecode.swift; path = EditUserPageViewController.swift; sourceTree = "<group>"; };
		1FA191B525CACE3F007B935B /* SignInViewController.swift */ = {isa = PBXFileReference; lastKnownFileType = sourcecode.swift; path = SignInViewController.swift; sourceTree = "<group>"; };
		1FA191B825CC1F56007B935B /* SignUp2ViewController.swift */ = {isa = PBXFileReference; lastKnownFileType = sourcecode.swift; path = SignUp2ViewController.swift; sourceTree = "<group>"; };
		1FB58C2D25E3ED29009CFCD0 /* ForgetPasswordViewController.swift */ = {isa = PBXFileReference; lastKnownFileType = sourcecode.swift; path = ForgetPasswordViewController.swift; sourceTree = "<group>"; };
		6DE0601A6454D98F09896370 /* Pods_iProjectStudent.framework */ = {isa = PBXFileReference; explicitFileType = wrapper.framework; includeInIndex = 0; path = Pods_iProjectStudent.framework; sourceTree = BUILT_PRODUCTS_DIR; };
		D422194F92E40D78F265E371 /* Pods-iProjectStudent.release.xcconfig */ = {isa = PBXFileReference; includeInIndex = 1; lastKnownFileType = text.xcconfig; name = "Pods-iProjectStudent.release.xcconfig"; path = "Target Support Files/Pods-iProjectStudent/Pods-iProjectStudent.release.xcconfig"; sourceTree = "<group>"; };
/* End PBXFileReference section */

/* Begin PBXFrameworksBuildPhase section */
		04A7E98B25AF309900C0F43C /* Frameworks */ = {
			isa = PBXFrameworksBuildPhase;
			buildActionMask = 2147483647;
			files = (
				340713FEDEBF163EE86F1551 /* Pods_iProjectStudent.framework in Frameworks */,
			);
			runOnlyForDeploymentPostprocessing = 0;
		};
/* End PBXFrameworksBuildPhase section */

/* Begin PBXGroup section */
		0455EDB625DA8ECD00013330 /* Teacher */ = {
			isa = PBXGroup;
			children = (
				0455EDB725DA8ECD00013330 /* ReviewTableViewCell.xib */,
				0455EDBB25DA8ECD00013330 /* ReviewTableViewCell.swift */,
				0455EDBE25DA8ECD00013330 /* TeacherInfoTableViewCell.xib */,
				0455EDBA25DA8ECD00013330 /* TeacherInfoTableViewCell.swift */,
				0455EDB825DA8ECD00013330 /* TeacherInfoViewController.swift */,
				0455EDB925DA8ECD00013330 /* ReviewDetailViewController.swift */,
				04AF5D4925E5415B00E2B385 /* SearchTeacherViewController.swift */,
				0455EDBC25DA8ECD00013330 /* ReviewTeacher.swift */,
				04AF5D4C25E5428100E2B385 /* Teachers.swift */,
				0455EDBD25DA8ECD00013330 /* Teacher.storyboard */,
			);
			path = Teacher;
			sourceTree = "<group>";
		};
		0460976E25E8291200AC91BE /* Chat */ = {
			isa = PBXGroup;
			children = (
				0460977025E8291200AC91BE /* UI */,
				0460977D25E8291200AC91BE /* Memo.strings */,
				0460977E25E8291200AC91BE /* Chat.swift */,
				0460976F25E8291200AC91BE /* ChatViewController.swift */,
				0460977F25E8291200AC91BE /* ChatTableViewController.swift */,
				0460978025E8291200AC91BE /* Chat.storyboard */,
				0460978125E8291200AC91BE /* CreateGroupViewController.swift */,
				0460978225E8291200AC91BE /* SearchUserForCreateGroupViewController.swift */,
				0460978325E8291200AC91BE /* GoToChatExtension.swift */,
			);
			path = Chat;
			sourceTree = "<group>";
		};
		0460977025E8291200AC91BE /* UI */ = {
			isa = PBXGroup;
			children = (
				0460977125E8291200AC91BE /* Cell */,
				0460977825E8291200AC91BE /* View */,
			);
			path = UI;
			sourceTree = "<group>";
		};
		0460977125E8291200AC91BE /* Cell */ = {
			isa = PBXGroup;
			children = (
				0460977225E8291200AC91BE /* MyChatViewCell.swift */,
				0460977325E8291200AC91BE /* YourChatViewCell.xib */,
				0460977425E8291200AC91BE /* YourChatViewCell.swift */,
				0460977525E8291200AC91BE /* YourGroupChatViewCell.xib */,
				0460977625E8291200AC91BE /* MyChatViewCell.xib */,
				0460977725E8291200AC91BE /* YourGroupChatViewCell.swift */,
			);
			path = Cell;
			sourceTree = "<group>";
		};
		0460977825E8291200AC91BE /* View */ = {
			isa = PBXGroup;
			children = (
				0460977925E8291200AC91BE /* ChatRoomInputView.swift */,
				0460977A25E8291200AC91BE /* MyBalloonView.swift */,
				0460977B25E8291200AC91BE /* ChatRoomInputView.xib */,
				0460977C25E8291200AC91BE /* YourBalloonView.swift */,
			);
			path = View;
			sourceTree = "<group>";
		};
		046872CF25DE0D5000A6ABBF /* UserInfo */ = {
			isa = PBXGroup;
			children = (
				1F761FE925D419C600FFB590 /* UserPageViewController.swift */,
				1F806AC825D81336001BF41B /* EditUserPageViewController.swift */,
			);
			path = UserInfo;
			sourceTree = "<group>";
		};
		0473BF5325D2E99300550EFB /* Questionnaire */ = {
			isa = PBXGroup;
			children = (
				0473BF5525D2EA0900550EFB /* Questionnaire.swift */,
				1F3343F425D151C400A090DA /* Questionnaire_subViewController.swift */,
				1F3343F025D1500A00A090DA /* Questionnaire.storyboard */,
			);
			path = Questionnaire;
			sourceTree = "<group>";
		};
		047C4DE825C855FA0082807A /* Images */ = {
			isa = PBXGroup;
			children = (
				1BA0D02925E7DF160008FF43 /* ios */,
				0459388125D1495E00A0E3C8 /* creating.png */,
				0459388025D1495E00A0E3C8 /* studentNoImage.png */,
				0459387F25D1495E00A0E3C8 /* teacherNoImage.png */,
			);
			path = Images;
			sourceTree = "<group>";
		};
		049C83F925C695A200D4D380 /* Opening */ = {
			isa = PBXGroup;
			children = (
				04C7A05825CD7EC10031281B /* Opening.storyboard */,
				049C83FA25C695A200D4D380 /* ScreenSize.swift */,
				049C83FB25C695A200D4D380 /* Opening1ViewController.swift */,
				049C83FC25C695A200D4D380 /* Opening2ViewController.swift */,
			);
			path = Opening;
			sourceTree = "<group>";
		};
		04A7E98525AF309900C0F43C = {
			isa = PBXGroup;
			children = (
				04A7E99025AF309900C0F43C /* iProjectStudent */,
				04A7E98F25AF309900C0F43C /* Products */,
				A48DA7138F15C04F71077065 /* Pods */,
				D7CFD3D9EEBE9BEA55DDBD1F /* Frameworks */,
			);
			sourceTree = "<group>";
		};
		04A7E98F25AF309900C0F43C /* Products */ = {
			isa = PBXGroup;
			children = (
				04A7E98E25AF309900C0F43C /* iProjectStudent.app */,
			);
			name = Products;
			sourceTree = "<group>";
		};
		04A7E99025AF309900C0F43C /* iProjectStudent */ = {
			isa = PBXGroup;
			children = (
				0460976E25E8291200AC91BE /* Chat */,
				049C83F925C695A200D4D380 /* Opening */,
				047C4DE825C855FA0082807A /* Images */,
				0473BF5325D2E99300550EFB /* Questionnaire */,
				1F761FE825D4194900FFB590 /* Login */,
				0455EDB625DA8ECD00013330 /* Teacher */,
				046872CF25DE0D5000A6ABBF /* UserInfo */,
				1B0AD3A925E401010061976F /* Calendar */,
				04A7E99325AF309900C0F43C /* SceneDelegate.swift */,
				049C83E325C6921000D4D380 /* AppDelegate.swift */,
				04A7E99525AF309900C0F43C /* ViewController.swift */,
				046872D025DE0E1C00A6ABBF /* CheckBox.swift */,
				0424576E25DFE34F00F613FB /* Design.swift */,
				04EA679025BC8A9C005F0D06 /* User.swift */,
				046872CC25DE0CB800A6ABBF /* GlobalParameters.swift */,
				04A7E9A525AF327B00C0F43C /* Extensions.swift */,
				04A7E99725AF309900C0F43C /* Main.storyboard */,
				04A7E99A25AF309900C0F43C /* Assets.xcassets */,
				04A7E99C25AF309900C0F43C /* LaunchScreen.storyboard */,
				04A7E99F25AF309900C0F43C /* Info.plist */,
			);
			path = iProjectStudent;
			sourceTree = "<group>";
		};
		1B0AD3A925E401010061976F /* Calendar */ = {
			isa = PBXGroup;
			children = (
				1B0AD3AC25E401A60061976F /* CalendarViewController.swift */,
				1B0AD3AD25E401A90061976F /* EventViewController.swift */,
				1B0AD3AE25E401AD0061976F /* Event.swift */,
			);
			path = Calendar;
			sourceTree = "<group>";
		};
		1BA0D02925E7DF160008FF43 /* ios */ = {
			isa = PBXGroup;
			children = (
				1BA0D02A25E7DF160008FF43 /* iTunesArtwork@1x.png */,
				1BA0D02B25E7DF160008FF43 /* AppIcon.appiconset */,
				1BA0D03D25E7DF160008FF43 /* iTunesArtwork@2x.png */,
				1BA0D03E25E7DF160008FF43 /* iTunesArtwork@3x.png */,
			);
			path = ios;
			sourceTree = "<group>";
		};
		1BA0D02B25E7DF160008FF43 /* AppIcon.appiconset */ = {
			isa = PBXGroup;
			children = (
				1BA0D02C25E7DF160008FF43 /* Icon-App-76x76@2x.png */,
				1BA0D02D25E7DF160008FF43 /* Icon-App-29x29@1x.png */,
				1BA0D02E25E7DF160008FF43 /* Icon-App-40x40@1x.png */,
				1BA0D02F25E7DF160008FF43 /* Icon-App-20x20@1x.png */,
				1BA0D03025E7DF160008FF43 /* Icon-App-83.5x83.5@2x.png */,
				1BA0D03125E7DF160008FF43 /* Icon-App-20x20@3x.png */,
				1BA0D03225E7DF160008FF43 /* ItunesArtwork@2x.png */,
				1BA0D03325E7DF160008FF43 /* Contents.json */,
				1BA0D03425E7DF160008FF43 /* Icon-App-20x20@2x.png */,
				1BA0D03525E7DF160008FF43 /* Icon-App-29x29@3x.png */,
				1BA0D03625E7DF160008FF43 /* Icon-App-40x40@2x.png */,
				1BA0D03725E7DF160008FF43 /* Icon-App-60x60@3x.png */,
				1BA0D03825E7DF160008FF43 /* Icon-App-60x60@2x.png */,
				1BA0D03925E7DF160008FF43 /* Icon-App-76x76@1x.png */,
				1BA0D03A25E7DF160008FF43 /* Icon-App-40x40@3x.png */,
				1BA0D03B25E7DF160008FF43 /* Icon-App-29x29@2x.png */,
			);
			path = AppIcon.appiconset;
			sourceTree = "<group>";
		};
		1F761FE825D4194900FFB590 /* Login */ = {
			isa = PBXGroup;
			children = (
				1FA191B825CC1F56007B935B /* SignUp2ViewController.swift */,
				1F0D91E925E1380800503048 /* SignUpViewController.swift */,
				04A841EB25C57B1E00469B5E /* SignIn.storyboard */,
				1FA191B525CACE3F007B935B /* SignInViewController.swift */,
				1FB58C2D25E3ED29009CFCD0 /* ForgetPasswordViewController.swift */,
			);
			path = Login;
			sourceTree = "<group>";
		};
		A48DA7138F15C04F71077065 /* Pods */ = {
			isa = PBXGroup;
			children = (
				1E933D9E06614E36D1EB6CA6 /* Pods-iProjectStudent.debug.xcconfig */,
				D422194F92E40D78F265E371 /* Pods-iProjectStudent.release.xcconfig */,
			);
			path = Pods;
			sourceTree = "<group>";
		};
		D7CFD3D9EEBE9BEA55DDBD1F /* Frameworks */ = {
			isa = PBXGroup;
			children = (
				6DE0601A6454D98F09896370 /* Pods_iProjectStudent.framework */,
			);
			name = Frameworks;
			sourceTree = "<group>";
		};
/* End PBXGroup section */

/* Begin PBXNativeTarget section */
		04A7E98D25AF309900C0F43C /* iProjectStudent */ = {
			isa = PBXNativeTarget;
			buildConfigurationList = 04A7E9A225AF309900C0F43C /* Build configuration list for PBXNativeTarget "iProjectStudent" */;
			buildPhases = (
				DC7BB7CE008B87C3F498B017 /* [CP] Check Pods Manifest.lock */,
				04A7E98A25AF309900C0F43C /* Sources */,
				04A7E98B25AF309900C0F43C /* Frameworks */,
				04A7E98C25AF309900C0F43C /* Resources */,
				BF27850B7EA8D0DF36B56C05 /* [CP] Embed Pods Frameworks */,
			);
			buildRules = (
			);
			dependencies = (
			);
			name = iProjectStudent;
			productName = iProjectStudent;
			productReference = 04A7E98E25AF309900C0F43C /* iProjectStudent.app */;
			productType = "com.apple.product-type.application";
		};
/* End PBXNativeTarget section */

/* Begin PBXProject section */
		04A7E98625AF309900C0F43C /* Project object */ = {
			isa = PBXProject;
			attributes = {
				LastSwiftUpdateCheck = 1150;
				LastUpgradeCheck = 1150;
				ORGANIZATIONNAME = Tanaka_Yoshihisa_4413;
				TargetAttributes = {
					04A7E98D25AF309900C0F43C = {
						CreatedOnToolsVersion = 11.5;
					};
				};
			};
			buildConfigurationList = 04A7E98925AF309900C0F43C /* Build configuration list for PBXProject "iProjectStudent" */;
			compatibilityVersion = "Xcode 9.3";
			developmentRegion = en;
			hasScannedForEncodings = 0;
			knownRegions = (
				en,
				Base,
			);
			mainGroup = 04A7E98525AF309900C0F43C;
			productRefGroup = 04A7E98F25AF309900C0F43C /* Products */;
			projectDirPath = "";
			projectRoot = "";
			targets = (
				04A7E98D25AF309900C0F43C /* iProjectStudent */,
			);
		};
/* End PBXProject section */

/* Begin PBXResourcesBuildPhase section */
		04A7E98C25AF309900C0F43C /* Resources */ = {
			isa = PBXResourcesBuildPhase;
			buildActionMask = 2147483647;
			files = (
				04A7E99E25AF309900C0F43C /* LaunchScreen.storyboard in Resources */,
				0455EDC525DA8ECE00013330 /* Teacher.storyboard in Resources */,
				1BA0D04C25E7DF160008FF43 /* Icon-App-60x60@2x.png in Resources */,
				0460978D25E8291200AC91BE /* ChatRoomInputView.xib in Resources */,
				0459388425D1497600A0E3C8 /* teacherNoImage.png in Resources */,
				0459388625D1497900A0E3C8 /* studentNoImage.png in Resources */,
				0455EDBF25DA8ECD00013330 /* ReviewTableViewCell.xib in Resources */,
				1BA0D04525E7DF160008FF43 /* Icon-App-20x20@3x.png in Resources */,
				1BA0D04A25E7DF160008FF43 /* Icon-App-40x40@2x.png in Resources */,
				1BA0D04225E7DF160008FF43 /* Icon-App-40x40@1x.png in Resources */,
				1BA0D04125E7DF160008FF43 /* Icon-App-29x29@1x.png in Resources */,
				0460978925E8291200AC91BE /* MyChatViewCell.xib in Resources */,
				1BA0D04825E7DF160008FF43 /* Icon-App-20x20@2x.png in Resources */,
				1BA0D04E25E7DF160008FF43 /* Icon-App-40x40@3x.png in Resources */,
				1BA0D04D25E7DF160008FF43 /* Icon-App-76x76@1x.png in Resources */,
				04A7E99B25AF309900C0F43C /* Assets.xcassets in Resources */,
				1BA0D05125E7DF160008FF43 /* iTunesArtwork@2x.png in Resources */,
				0460978625E8291200AC91BE /* YourChatViewCell.xib in Resources */,
				0460978F25E8291200AC91BE /* Memo.strings in Resources */,
				1BA0D04B25E7DF160008FF43 /* Icon-App-60x60@3x.png in Resources */,
				1BA0D04325E7DF160008FF43 /* Icon-App-20x20@1x.png in Resources */,
				1F3343F125D1500A00A090DA /* Questionnaire.storyboard in Resources */,
				1BA0D04425E7DF160008FF43 /* Icon-App-83.5x83.5@2x.png in Resources */,
				1BA0D05225E7DF160008FF43 /* iTunesArtwork@3x.png in Resources */,
				04C7A05A25CD7F0F0031281B /* Opening.storyboard in Resources */,
				1BA0D04F25E7DF160008FF43 /* Icon-App-29x29@2x.png in Resources */,
				04A7E99925AF309900C0F43C /* Main.storyboard in Resources */,
				0460979225E8291200AC91BE /* Chat.storyboard in Resources */,
				0460978825E8291200AC91BE /* YourGroupChatViewCell.xib in Resources */,
				1BA0D04925E7DF160008FF43 /* Icon-App-29x29@3x.png in Resources */,
				04A841EC25C57B1E00469B5E /* SignIn.storyboard in Resources */,
				1BA0D04025E7DF160008FF43 /* Icon-App-76x76@2x.png in Resources */,
				0455EDC625DA8ECE00013330 /* TeacherInfoTableViewCell.xib in Resources */,
				0459388225D1497300A0E3C8 /* creating.png in Resources */,
				1BA0D03F25E7DF160008FF43 /* iTunesArtwork@1x.png in Resources */,
				1BA0D04625E7DF160008FF43 /* ItunesArtwork@2x.png in Resources */,
				1BA0D04725E7DF160008FF43 /* Contents.json in Resources */,
			);
			runOnlyForDeploymentPostprocessing = 0;
		};
/* End PBXResourcesBuildPhase section */

/* Begin PBXShellScriptBuildPhase section */
		BF27850B7EA8D0DF36B56C05 /* [CP] Embed Pods Frameworks */ = {
			isa = PBXShellScriptBuildPhase;
			buildActionMask = 2147483647;
			files = (
			);
			inputFileListPaths = (
				"${PODS_ROOT}/Target Support Files/Pods-iProjectStudent/Pods-iProjectStudent-frameworks-${CONFIGURATION}-input-files.xcfilelist",
			);
			name = "[CP] Embed Pods Frameworks";
			outputFileListPaths = (
				"${PODS_ROOT}/Target Support Files/Pods-iProjectStudent/Pods-iProjectStudent-frameworks-${CONFIGURATION}-output-files.xcfilelist",
			);
			runOnlyForDeploymentPostprocessing = 0;
			shellPath = /bin/sh;
			shellScript = "\"${PODS_ROOT}/Target Support Files/Pods-iProjectStudent/Pods-iProjectStudent-frameworks.sh\"\n";
			showEnvVarsInLog = 0;
		};
		DC7BB7CE008B87C3F498B017 /* [CP] Check Pods Manifest.lock */ = {
			isa = PBXShellScriptBuildPhase;
			buildActionMask = 2147483647;
			files = (
			);
			inputFileListPaths = (
			);
			inputPaths = (
				"${PODS_PODFILE_DIR_PATH}/Podfile.lock",
				"${PODS_ROOT}/Manifest.lock",
			);
			name = "[CP] Check Pods Manifest.lock";
			outputFileListPaths = (
			);
			outputPaths = (
				"$(DERIVED_FILE_DIR)/Pods-iProjectStudent-checkManifestLockResult.txt",
			);
			runOnlyForDeploymentPostprocessing = 0;
			shellPath = /bin/sh;
			shellScript = "diff \"${PODS_PODFILE_DIR_PATH}/Podfile.lock\" \"${PODS_ROOT}/Manifest.lock\" > /dev/null\nif [ $? != 0 ] ; then\n    # print error to STDERR\n    echo \"error: The sandbox is not in sync with the Podfile.lock. Run 'pod install' or update your CocoaPods installation.\" >&2\n    exit 1\nfi\n# This output is used by Xcode 'outputs' to avoid re-running this script phase.\necho \"SUCCESS\" > \"${SCRIPT_OUTPUT_FILE_0}\"\n";
			showEnvVarsInLog = 0;
		};
/* End PBXShellScriptBuildPhase section */

/* Begin PBXSourcesBuildPhase section */
		04A7E98A25AF309900C0F43C /* Sources */ = {
			isa = PBXSourcesBuildPhase;
			buildActionMask = 2147483647;
			files = (
				04AF5D4D25E5428100E2B385 /* Teachers.swift in Sources */,
				1B0AD3AF25E401AD0061976F /* CalendarViewController.swift in Sources */,
				0455EDC425DA8ECE00013330 /* ReviewTeacher.swift in Sources */,
				0455EDC225DA8ECE00013330 /* TeacherInfoTableViewCell.swift in Sources */,
				04AF5D4A25E5415B00E2B385 /* SearchTeacherViewController.swift in Sources */,
				04C7A05E25CD7F720031281B /* Opening1ViewController.swift in Sources */,
				1F761FEA25D419C600FFB590 /* UserPageViewController.swift in Sources */,
				04A7E99625AF309900C0F43C /* ViewController.swift in Sources */,
				0460979325E8291200AC91BE /* CreateGroupViewController.swift in Sources */,
				04A7E99425AF309900C0F43C /* SceneDelegate.swift in Sources */,
				1F0D91EA25E1380800503048 /* SignUpViewController.swift in Sources */,
				0460978B25E8291200AC91BE /* ChatRoomInputView.swift in Sources */,
				0460978C25E8291200AC91BE /* MyBalloonView.swift in Sources */,
				04EA679125BC8A9C005F0D06 /* User.swift in Sources */,
				04C7A06025CD7F750031281B /* Opening2ViewController.swift in Sources */,
				1B0AD3B125E401AD0061976F /* Event.swift in Sources */,
				0455EDC325DA8ECE00013330 /* ReviewTableViewCell.swift in Sources */,
				0460979025E8291200AC91BE /* Chat.swift in Sources */,
				1FA191B925CC1F56007B935B /* SignUp2ViewController.swift in Sources */,
				0460978E25E8291200AC91BE /* YourBalloonView.swift in Sources */,
				1F3343F525D151C400A090DA /* Questionnaire_subViewController.swift in Sources */,
				04C7A05C25CD7F6F0031281B /* ScreenSize.swift in Sources */,
				049C83E425C6921000D4D380 /* AppDelegate.swift in Sources */,
				0424576F25DFE34F00F613FB /* Design.swift in Sources */,
				1F806AC925D81336001BF41B /* EditUserPageViewController.swift in Sources */,
				1B0AD3B025E401AD0061976F /* EventViewController.swift in Sources */,
				046872CD25DE0CB800A6ABBF /* GlobalParameters.swift in Sources */,
				1FA191B625CACE3F007B935B /* SignInViewController.swift in Sources */,
				0455EDC025DA8ECD00013330 /* TeacherInfoViewController.swift in Sources */,
				046872D125DE0E1C00A6ABBF /* CheckBox.swift in Sources */,
				0460978525E8291200AC91BE /* MyChatViewCell.swift in Sources */,
				0473BF5625D2EA0900550EFB /* Questionnaire.swift in Sources */,
				0460979525E8291200AC91BE /* GoToChatExtension.swift in Sources */,
				0460979125E8291200AC91BE /* ChatTableViewController.swift in Sources */,
				0460978A25E8291200AC91BE /* YourGroupChatViewCell.swift in Sources */,
				0460978725E8291200AC91BE /* YourChatViewCell.swift in Sources */,
				0460979425E8291200AC91BE /* SearchUserForCreateGroupViewController.swift in Sources */,
				0455EDC125DA8ECE00013330 /* ReviewDetailViewController.swift in Sources */,
				1FB58C2E25E3ED29009CFCD0 /* ForgetPasswordViewController.swift in Sources */,
				0460978425E8291200AC91BE /* ChatViewController.swift in Sources */,
				04A7E9A625AF327B00C0F43C /* Extensions.swift in Sources */,
			);
			runOnlyForDeploymentPostprocessing = 0;
		};
/* End PBXSourcesBuildPhase section */

/* Begin PBXVariantGroup section */
		04A7E99725AF309900C0F43C /* Main.storyboard */ = {
			isa = PBXVariantGroup;
			children = (
				04A7E99825AF309900C0F43C /* Base */,
			);
			name = Main.storyboard;
			sourceTree = "<group>";
		};
		04A7E99C25AF309900C0F43C /* LaunchScreen.storyboard */ = {
			isa = PBXVariantGroup;
			children = (
				04A7E99D25AF309900C0F43C /* Base */,
			);
			name = LaunchScreen.storyboard;
			sourceTree = "<group>";
		};
/* End PBXVariantGroup section */

/* Begin XCBuildConfiguration section */
		04A7E9A025AF309900C0F43C /* Debug */ = {
			isa = XCBuildConfiguration;
			buildSettings = {
				ALWAYS_SEARCH_USER_PATHS = NO;
				CLANG_ANALYZER_NONNULL = YES;
				CLANG_ANALYZER_NUMBER_OBJECT_CONVERSION = YES_AGGRESSIVE;
				CLANG_CXX_LANGUAGE_STANDARD = "gnu++14";
				CLANG_CXX_LIBRARY = "libc++";
				CLANG_ENABLE_MODULES = YES;
				CLANG_ENABLE_OBJC_ARC = YES;
				CLANG_ENABLE_OBJC_WEAK = YES;
				CLANG_WARN_BLOCK_CAPTURE_AUTORELEASING = YES;
				CLANG_WARN_BOOL_CONVERSION = YES;
				CLANG_WARN_COMMA = YES;
				CLANG_WARN_CONSTANT_CONVERSION = YES;
				CLANG_WARN_DEPRECATED_OBJC_IMPLEMENTATIONS = YES;
				CLANG_WARN_DIRECT_OBJC_ISA_USAGE = YES_ERROR;
				CLANG_WARN_DOCUMENTATION_COMMENTS = YES;
				CLANG_WARN_EMPTY_BODY = YES;
				CLANG_WARN_ENUM_CONVERSION = YES;
				CLANG_WARN_INFINITE_RECURSION = YES;
				CLANG_WARN_INT_CONVERSION = YES;
				CLANG_WARN_NON_LITERAL_NULL_CONVERSION = YES;
				CLANG_WARN_OBJC_IMPLICIT_RETAIN_SELF = YES;
				CLANG_WARN_OBJC_LITERAL_CONVERSION = YES;
				CLANG_WARN_OBJC_ROOT_CLASS = YES_ERROR;
				CLANG_WARN_RANGE_LOOP_ANALYSIS = YES;
				CLANG_WARN_STRICT_PROTOTYPES = YES;
				CLANG_WARN_SUSPICIOUS_MOVE = YES;
				CLANG_WARN_UNGUARDED_AVAILABILITY = YES_AGGRESSIVE;
				CLANG_WARN_UNREACHABLE_CODE = YES;
				CLANG_WARN__DUPLICATE_METHOD_MATCH = YES;
				COPY_PHASE_STRIP = NO;
				DEBUG_INFORMATION_FORMAT = dwarf;
				ENABLE_STRICT_OBJC_MSGSEND = YES;
				ENABLE_TESTABILITY = YES;
				GCC_C_LANGUAGE_STANDARD = gnu11;
				GCC_DYNAMIC_NO_PIC = NO;
				GCC_NO_COMMON_BLOCKS = YES;
				GCC_OPTIMIZATION_LEVEL = 0;
				GCC_PREPROCESSOR_DEFINITIONS = (
					"DEBUG=1",
					"$(inherited)",
				);
				GCC_WARN_64_TO_32_BIT_CONVERSION = YES;
				GCC_WARN_ABOUT_RETURN_TYPE = YES_ERROR;
				GCC_WARN_UNDECLARED_SELECTOR = YES;
				GCC_WARN_UNINITIALIZED_AUTOS = YES_AGGRESSIVE;
				GCC_WARN_UNUSED_FUNCTION = YES;
				GCC_WARN_UNUSED_VARIABLE = YES;
				IPHONEOS_DEPLOYMENT_TARGET = 13.5;
				MTL_ENABLE_DEBUG_INFO = INCLUDE_SOURCE;
				MTL_FAST_MATH = YES;
				ONLY_ACTIVE_ARCH = YES;
				SDKROOT = iphoneos;
				SWIFT_ACTIVE_COMPILATION_CONDITIONS = DEBUG;
				SWIFT_OPTIMIZATION_LEVEL = "-Onone";
			};
			name = Debug;
		};
		04A7E9A125AF309900C0F43C /* Release */ = {
			isa = XCBuildConfiguration;
			buildSettings = {
				ALWAYS_SEARCH_USER_PATHS = NO;
				CLANG_ANALYZER_NONNULL = YES;
				CLANG_ANALYZER_NUMBER_OBJECT_CONVERSION = YES_AGGRESSIVE;
				CLANG_CXX_LANGUAGE_STANDARD = "gnu++14";
				CLANG_CXX_LIBRARY = "libc++";
				CLANG_ENABLE_MODULES = YES;
				CLANG_ENABLE_OBJC_ARC = YES;
				CLANG_ENABLE_OBJC_WEAK = YES;
				CLANG_WARN_BLOCK_CAPTURE_AUTORELEASING = YES;
				CLANG_WARN_BOOL_CONVERSION = YES;
				CLANG_WARN_COMMA = YES;
				CLANG_WARN_CONSTANT_CONVERSION = YES;
				CLANG_WARN_DEPRECATED_OBJC_IMPLEMENTATIONS = YES;
				CLANG_WARN_DIRECT_OBJC_ISA_USAGE = YES_ERROR;
				CLANG_WARN_DOCUMENTATION_COMMENTS = YES;
				CLANG_WARN_EMPTY_BODY = YES;
				CLANG_WARN_ENUM_CONVERSION = YES;
				CLANG_WARN_INFINITE_RECURSION = YES;
				CLANG_WARN_INT_CONVERSION = YES;
				CLANG_WARN_NON_LITERAL_NULL_CONVERSION = YES;
				CLANG_WARN_OBJC_IMPLICIT_RETAIN_SELF = YES;
				CLANG_WARN_OBJC_LITERAL_CONVERSION = YES;
				CLANG_WARN_OBJC_ROOT_CLASS = YES_ERROR;
				CLANG_WARN_RANGE_LOOP_ANALYSIS = YES;
				CLANG_WARN_STRICT_PROTOTYPES = YES;
				CLANG_WARN_SUSPICIOUS_MOVE = YES;
				CLANG_WARN_UNGUARDED_AVAILABILITY = YES_AGGRESSIVE;
				CLANG_WARN_UNREACHABLE_CODE = YES;
				CLANG_WARN__DUPLICATE_METHOD_MATCH = YES;
				COPY_PHASE_STRIP = NO;
				DEBUG_INFORMATION_FORMAT = "dwarf-with-dsym";
				ENABLE_NS_ASSERTIONS = NO;
				ENABLE_STRICT_OBJC_MSGSEND = YES;
				GCC_C_LANGUAGE_STANDARD = gnu11;
				GCC_NO_COMMON_BLOCKS = YES;
				GCC_WARN_64_TO_32_BIT_CONVERSION = YES;
				GCC_WARN_ABOUT_RETURN_TYPE = YES_ERROR;
				GCC_WARN_UNDECLARED_SELECTOR = YES;
				GCC_WARN_UNINITIALIZED_AUTOS = YES_AGGRESSIVE;
				GCC_WARN_UNUSED_FUNCTION = YES;
				GCC_WARN_UNUSED_VARIABLE = YES;
				IPHONEOS_DEPLOYMENT_TARGET = 13.5;
				MTL_ENABLE_DEBUG_INFO = NO;
				MTL_FAST_MATH = YES;
				SDKROOT = iphoneos;
				SWIFT_COMPILATION_MODE = wholemodule;
				SWIFT_OPTIMIZATION_LEVEL = "-O";
				VALIDATE_PRODUCT = YES;
			};
			name = Release;
		};
		04A7E9A325AF309900C0F43C /* Debug */ = {
			isa = XCBuildConfiguration;
			baseConfigurationReference = 1E933D9E06614E36D1EB6CA6 /* Pods-iProjectStudent.debug.xcconfig */;
			buildSettings = {
				ASSETCATALOG_COMPILER_APPICON_NAME = AppIcon;
				CODE_SIGN_STYLE = Automatic;
				INFOPLIST_FILE = iProjectStudent/Info.plist;
				IPHONEOS_DEPLOYMENT_TARGET = 13.5;
				LD_RUNPATH_SEARCH_PATHS = (
					"$(inherited)",
					"@executable_path/Frameworks",
				);
				PRODUCT_BUNDLE_IDENTIFIER = tanaka.iProjectStudent;
				PRODUCT_NAME = "$(TARGET_NAME)";
				SWIFT_VERSION = 5.0;
				TARGETED_DEVICE_FAMILY = "1,2";
			};
			name = Debug;
		};
		04A7E9A425AF309900C0F43C /* Release */ = {
			isa = XCBuildConfiguration;
			baseConfigurationReference = D422194F92E40D78F265E371 /* Pods-iProjectStudent.release.xcconfig */;
			buildSettings = {
				ASSETCATALOG_COMPILER_APPICON_NAME = AppIcon;
				CODE_SIGN_STYLE = Automatic;
				INFOPLIST_FILE = iProjectStudent/Info.plist;
				IPHONEOS_DEPLOYMENT_TARGET = 13.5;
				LD_RUNPATH_SEARCH_PATHS = (
					"$(inherited)",
					"@executable_path/Frameworks",
				);
				PRODUCT_BUNDLE_IDENTIFIER = tanaka.iProjectStudent;
				PRODUCT_NAME = "$(TARGET_NAME)";
				SWIFT_VERSION = 5.0;
				TARGETED_DEVICE_FAMILY = "1,2";
			};
			name = Release;
		};
/* End XCBuildConfiguration section */

/* Begin XCConfigurationList section */
		04A7E98925AF309900C0F43C /* Build configuration list for PBXProject "iProjectStudent" */ = {
			isa = XCConfigurationList;
			buildConfigurations = (
				04A7E9A025AF309900C0F43C /* Debug */,
				04A7E9A125AF309900C0F43C /* Release */,
			);
			defaultConfigurationIsVisible = 0;
			defaultConfigurationName = Release;
		};
		04A7E9A225AF309900C0F43C /* Build configuration list for PBXNativeTarget "iProjectStudent" */ = {
			isa = XCConfigurationList;
			buildConfigurations = (
				04A7E9A325AF309900C0F43C /* Debug */,
				04A7E9A425AF309900C0F43C /* Release */,
			);
			defaultConfigurationIsVisible = 0;
			defaultConfigurationName = Release;
		};
/* End XCConfigurationList section */
	};
	rootObject = 04A7E98625AF309900C0F43C /* Project object */;
}
